
Microsoft Visual Studio Solution File, Format Version 12.00
# Visual Studio 15
VisualStudioVersion = 15.0.27130.2036
MinimumVisualStudioVersion = 10.0.40219.1
Project("{FAE04EC0-301F-11D3-BF4B-00C04F79EFBC}") = "KDB_Test_Client", "KDB_Test_Client\KDB_Test_Client.csproj", "{5843AEB7-CD2A-4589-B63F-73B4C6F37A9A}"
EndProject
Global
	GlobalSection(SolutionConfigurationPlatforms) = preSolution
		Debug|Any CPU = Debug|Any CPU
		Release|Any CPU = Release|Any CPU
	EndGlobalSection
	GlobalSection(ProjectConfigurationPlatforms) = postSolution
		{5843AEB7-CD2A-4589-B63F-73B4C6F37A9A}.Debug|Any CPU.ActiveCfg = Debug|Any CPU
		{5843AEB7-CD2A-4589-B63F-73B4C6F37A9A}.Debug|Any CPU.Build.0 = Debug|Any CPU
		{5843AEB7-CD2A-4589-B63F-73B4C6F37A9A}.Release|Any CPU.ActiveCfg = Release|Any CPU
		{5843AEB7-CD2A-4589-B63F-73B4C6F37A9A}.Release|Any CPU.Build.0 = Release|Any CPU
	EndGlobalSection
	GlobalSection(SolutionProperties) = preSolution
		HideSolutionNode = FALSE
	EndGlobalSection
	GlobalSection(ExtensibilityGlobals) = postSolution
		SolutionGuid = {BADA7CC3-6325-4123-B595-50F72330CC63}
	EndGlobalSection
EndGlobal
